
Microsoft Visual Studio Solution File, Format Version 12.00
# Visual Studio Version 17
VisualStudioVersion = 17.1.32210.238
MinimumVisualStudioVersion = 10.0.40219.1
Project("{FAE04EC0-301F-11D3-BF4B-00C04F79EFBC}") = "EuphoriaClient", "EuphoriaClient\EuphoriaClient.csproj", "{722A7D95-CEC6-41C4-B0D3-50F98F30AAE8}"
EndProject
Global
	GlobalSection(SolutionConfigurationPlatforms) = preSolution
		Debug|Any CPU = Debug|Any CPU
		Release|Any CPU = Release|Any CPU
	EndGlobalSection
	GlobalSection(ProjectConfigurationPlatforms) = postSolution
		{722A7D95-CEC6-41C4-B0D3-50F98F30AAE8}.Debug|Any CPU.ActiveCfg = Debug|Any CPU
		{722A7D95-CEC6-41C4-B0D3-50F98F30AAE8}.Debug|Any CPU.Build.0 = Debug|Any CPU
		{722A7D95-CEC6-41C4-B0D3-50F98F30AAE8}.Release|Any CPU.ActiveCfg = Release|Any CPU
		{722A7D95-CEC6-41C4-B0D3-50F98F30AAE8}.Release|Any CPU.Build.0 = Release|Any CPU
	EndGlobalSection
	GlobalSection(SolutionProperties) = preSolution
		HideSolutionNode = FALSE
	EndGlobalSection
	GlobalSection(ExtensibilityGlobals) = postSolution
		SolutionGuid = {448997A6-6DB7-497D-9558-08F539F17E9C}
	EndGlobalSection
EndGlobal
